
Microsoft Visual Studio Solution File, Format Version 12.00
Project("{FAE04EC0-301F-11D3-BF4B-00C04F79EFBC}") = "TodoExample.Api", "src\TodoExample.Api\TodoExample.Api.csproj", "{9A8D4C54-085B-4DFC-AB1D-677A3A0AEE6F}"
EndProject
Global
	GlobalSection(SolutionConfigurationPlatforms) = preSolution
		Debug|Any CPU = Debug|Any CPU
		Release|Any CPU = Release|Any CPU
	EndGlobalSection
	GlobalSection(ProjectConfigurationPlatforms) = postSolution
		{9A8D4C54-085B-4DFC-AB1D-677A3A0AEE6F}.Debug|Any CPU.ActiveCfg = Debug|Any CPU
		{9A8D4C54-085B-4DFC-AB1D-677A3A0AEE6F}.Debug|Any CPU.Build.0 = Debug|Any CPU
		{9A8D4C54-085B-4DFC-AB1D-677A3A0AEE6F}.Release|Any CPU.ActiveCfg = Release|Any CPU
		{9A8D4C54-085B-4DFC-AB1D-677A3A0AEE6F}.Release|Any CPU.Build.0 = Release|Any CPU
	EndGlobalSection
EndGlobal
